{
   "name": "@xdvplatform/universal-wallet-core",
   "version": "0.3.5",
   "lockfileVersion": 1,
   "requires": true,
   "dependencies": {
      "@multiformats/base-x": {
         "version": "4.0.1",
         "resolved": "https://registry.npmjs.org/@multiformats/base-x/-/base-x-4.0.1.tgz",
         "integrity": "sha512-eMk0b9ReBbV23xXU693TAIrLyeO5iTgBZGSJfpqriG8UkYvr/hC9u9pyMlAakDNHWmbhMZCDs6KQO0jzKD8OTw=="
      },
      "@stablelib/aead": {
         "version": "1.0.0",
         "resolved": "https://registry.npmjs.org/@stablelib/aead/-/aead-1.0.0.tgz",
         "integrity": "sha512-2iO0P15w1onK8g/m6ygNqlMFBfC7BM8o1Zr7jRqMAF9+zhhyY3h4NZwnXKxUm11TBm62Yeesw+FKqs/gJ6shMA=="
      },
      "@stablelib/binary": {
         "version": "1.0.0",
         "resolved": "https://registry.npmjs.org/@stablelib/binary/-/binary-1.0.0.tgz",
         "integrity": "sha512-W01QhOw1tWL51Du1c5JZphJs7toRbfra1C2DBlhT0mRHZWGWB1hpFbqiZUFY7QNIMUpmmHLrlZs3YsSCB/giUg==",
         "requires": {
            "@stablelib/int": "^1.0.0"
         }
      },
      "@stablelib/bytes": {
         "version": "1.0.0",
         "resolved": "https://registry.npmjs.org/@stablelib/bytes/-/bytes-1.0.0.tgz",
         "integrity": "sha512-c9CfJwoZpxub6yicmhkeEpvLLsvsAP76tBAHEXKuEjPzza946U7bgebJJoMl8Q+ZlU2vy9ZoWCXE1uLpi817Pg=="
      },
      "@stablelib/chacha": {
         "version": "1.0.0",
         "resolved": "https://registry.npmjs.org/@stablelib/chacha/-/chacha-1.0.0.tgz",
         "integrity": "sha512-tlp3ECXiU7APq6n1YQ2K4B7MUppAOUWsvN1JMs2OWnYVR2Km+AsSmgMjjtefG8vPZ+J8tfY3sufzh5zCg5xiSw==",
         "requires": {
            "@stablelib/binary": "^1.0.0",
            "@stablelib/wipe": "^1.0.0"
         }
      },
      "@stablelib/chacha20poly1305": {
         "version": "1.0.0",
         "resolved": "https://registry.npmjs.org/@stablelib/chacha20poly1305/-/chacha20poly1305-1.0.0.tgz",
         "integrity": "sha512-sRv7T5nDRpwqerY9VZ3ABfzHukF/aa2njKvCHPvMpM3+WOYqU4JIP47MdvmrEj+NFHFP3hBx6XV5xpnV8IqMig==",
         "requires": {
            "@stablelib/aead": "^1.0.0",
            "@stablelib/binary": "^1.0.0",
            "@stablelib/chacha": "^1.0.0",
            "@stablelib/constant-time": "^1.0.0",
            "@stablelib/poly1305": "^1.0.0",
            "@stablelib/wipe": "^1.0.0"
         }
      },
      "@stablelib/constant-time": {
         "version": "1.0.0",
         "resolved": "https://registry.npmjs.org/@stablelib/constant-time/-/constant-time-1.0.0.tgz",
         "integrity": "sha512-0lH6SB0wP562fa0yvNZMF2NbFr8QHeefhO1KOu2unW8qH1npdep7I1vGbPqEM+BHg6LqllPceVE8Ca0RwIDLDA=="
      },
      "@stablelib/ed25519": {
         "version": "1.0.1",
         "resolved": "https://registry.npmjs.org/@stablelib/ed25519/-/ed25519-1.0.1.tgz",
         "integrity": "sha512-kvC98vkJeertRj37yqTcjOwUVYWQ0jcywxxWpeuTal5ZNgH7EcbljtQYECA2Pi2N0zNG0a0AjSD2Q2DFcUxRjQ==",
         "requires": {
            "@stablelib/random": "^1.0.0",
            "@stablelib/sha512": "^1.0.0",
            "@stablelib/wipe": "^1.0.0"
         }
      },
      "@stablelib/hash": {
         "version": "1.0.0",
         "resolved": "https://registry.npmjs.org/@stablelib/hash/-/hash-1.0.0.tgz",
         "integrity": "sha512-wBvSIIx4Y8799BRD4TBhezS1P9+irGAKdsNgbZMeU5ndMbw7BtZALdCm0FcJIRFxJ2giPLPS9YCgrwWAhzSRLQ=="
      },
      "@stablelib/int": {
         "version": "1.0.0",
         "resolved": "https://registry.npmjs.org/@stablelib/int/-/int-1.0.0.tgz",
         "integrity": "sha512-MRigEQCO7xM93nZqW4CbIBjhANGw3jJxGVSUZH3PQ6HWL1IGrFWVDBzIclWxl4l5aRRpqoM+76ellQNdUJPnsA=="
      },
      "@stablelib/keyagreement": {
         "version": "1.0.0",
         "resolved": "https://registry.npmjs.org/@stablelib/keyagreement/-/keyagreement-1.0.0.tgz",
         "integrity": "sha512-M4f0QhuYGrMCLPoJIKWpC5riJfDivOFZHOAlj1Av44UJSyMzM46gJW0e9khKoTcbU8r8oXebkwlJT70Xm0+kqg==",
         "requires": {
            "@stablelib/bytes": "^1.0.0"
         }
      },
      "@stablelib/poly1305": {
         "version": "1.0.0",
         "resolved": "https://registry.npmjs.org/@stablelib/poly1305/-/poly1305-1.0.0.tgz",
         "integrity": "sha512-8EOq8g3Naae+gGI/c/Tt1+xhbgDvkFwYx7QfTlps7SwA/IC6dhEZ+BzvU6O9FuVQ/l72yV7i3PSJ3LMOvTxS8g==",
         "requires": {
            "@stablelib/constant-time": "^1.0.0",
            "@stablelib/wipe": "^1.0.0"
         }
      },
      "@stablelib/random": {
         "version": "1.0.0",
         "resolved": "https://registry.npmjs.org/@stablelib/random/-/random-1.0.0.tgz",
         "integrity": "sha512-G9vwwKrNCGMI/uHL6XeWe2Nk4BuxkYyWZagGaDU9wrsuV+9hUwNI1lok2WVo8uJDa2zx7ahNwN7Ij983hOUFEw==",
         "requires": {
            "@stablelib/binary": "^1.0.0",
            "@stablelib/wipe": "^1.0.0"
         }
      },
      "@stablelib/sha256": {
         "version": "1.0.0",
         "resolved": "https://registry.npmjs.org/@stablelib/sha256/-/sha256-1.0.0.tgz",
         "integrity": "sha512-+IEzCXO6HSyYWV+5TqdFjcUYgkebdiadzRtMXJg6ia68WQm2xHpABl5t0vVdtvgTlw7matBRhImunAHUFIAEUg==",
         "requires": {
            "@stablelib/binary": "^1.0.0",
            "@stablelib/hash": "^1.0.0",
            "@stablelib/wipe": "^1.0.0"
         }
      },
      "@stablelib/sha512": {
         "version": "1.0.0",
         "resolved": "https://registry.npmjs.org/@stablelib/sha512/-/sha512-1.0.0.tgz",
         "integrity": "sha512-qvUu5SraAdGa8HAkAasfMyD9C+MwlRnFVRJ6cRxAEIekmDsU3tfGLnUm3wb9ao4t0FkihGrj8GKlV82TTR4Phw==",
         "requires": {
            "@stablelib/binary": "^1.0.0",
            "@stablelib/hash": "^1.0.0",
            "@stablelib/wipe": "^1.0.0"
         }
      },
      "@stablelib/wipe": {
         "version": "1.0.0",
         "resolved": "https://registry.npmjs.org/@stablelib/wipe/-/wipe-1.0.0.tgz",
         "integrity": "sha512-0Fd4MQCbEh8OFSO+gG7wBXok7yRC3w+xe/wWM8KNye7EGoHr4BTFZNWV/1xAn2r8/gyFKxPXT8uxXRzDzGq6rg=="
      },
      "@stablelib/x25519": {
         "version": "1.0.0",
         "resolved": "https://registry.npmjs.org/@stablelib/x25519/-/x25519-1.0.0.tgz",
         "integrity": "sha512-sjlOzC8eZJhHTuMZnSTxtawYXbFXZtHm6TbhacvoYmJOG9/3cFX5z1Aw0WZfQvPNSk+8aPrpwuyRMmUO1PW8yw==",
         "requires": {
            "@stablelib/keyagreement": "^1.0.0",
            "@stablelib/random": "^1.0.0",
            "@stablelib/wipe": "^1.0.0"
         }
      },
      "@stablelib/xchacha20": {
         "version": "1.0.0",
         "resolved": "https://registry.npmjs.org/@stablelib/xchacha20/-/xchacha20-1.0.0.tgz",
         "integrity": "sha512-8q98HxPCgVUGMnjMl79KhEtWsh0UQbTt5x1570QnynF3uzzsGgP7exXwkyqi7s85SdvdO8EKEezDMjuzqv69Yw==",
         "requires": {
            "@stablelib/binary": "^1.0.0",
            "@stablelib/chacha": "^1.0.0",
            "@stablelib/wipe": "^1.0.0"
         }
      },
      "@stablelib/xchacha20poly1305": {
         "version": "1.0.0",
         "resolved": "https://registry.npmjs.org/@stablelib/xchacha20poly1305/-/xchacha20poly1305-1.0.0.tgz",
         "integrity": "sha512-rVcKmgEeMK8kInx2bvvBXLL/wMKrqeA6luWiZYRQj1QMnZnq3ReZd1szZdz2QWFQOlp7rXsZp+EaM4FqNlfZSw==",
         "requires": {
            "@stablelib/aead": "^1.0.0",
            "@stablelib/chacha20poly1305": "^1.0.0",
            "@stablelib/constant-time": "^1.0.0",
            "@stablelib/wipe": "^1.0.0",
            "@stablelib/xchacha20": "^1.0.0"
         }
      },
      "asn1": {
         "version": "0.2.4",
         "resolved": "https://registry.npmjs.org/asn1/-/asn1-0.2.4.tgz",
         "integrity": "sha512-jxwzQpLQjSmWXgwaCZE9Nz+glAG01yF1QnWgbhGwHI5A6FRIEY6IVqtHhIepHqI7/kyEyQEagBC5mBEFlIYvdg==",
         "requires": {
            "safer-buffer": "~2.1.0"
         }
      },
      "bn.js": {
         "version": "4.12.0",
         "resolved": "https://registry.npmjs.org/bn.js/-/bn.js-4.12.0.tgz",
         "integrity": "sha512-c98Bf3tPniI+scsdk237ku1Dc3ujXQTSgyiPUDEOe7tRkhrqridvh8klBv0HCEso1OLOYcHuCv/cS6DNxKH+ZA=="
      },
      "brorand": {
         "version": "1.1.0",
         "resolved": "https://registry.npmjs.org/brorand/-/brorand-1.1.0.tgz",
         "integrity": "sha1-EsJe/kCkXjwyPrhnWgoM5XsiNx8="
      },
      "canonicalize": {
         "version": "1.0.5",
         "resolved": "https://registry.npmjs.org/canonicalize/-/canonicalize-1.0.5.tgz",
         "integrity": "sha512-mAjKJPIyP0xqqv6IAkvso07StOmz6cmGtNDg3pXCSzXVZOqka7StIkAhJl/zHOi4M2CgpYfD6aeRWbnrmtvBEA=="
      },
      "did-jwt": {
         "version": "5.4.1",
         "resolved": "https://registry.npmjs.org/did-jwt/-/did-jwt-5.4.1.tgz",
         "integrity": "sha512-JjyyF5MF3JMpKrp0HN4W4L1QPpojrrAjkWipRoGGUHtLmT+pBbBr7ngBUJRmCUANu9HmccrueuV2+sBtRhe5WQ==",
         "requires": {
            "@stablelib/ed25519": "^1.0.1",
            "@stablelib/random": "^1.0.0",
            "@stablelib/sha256": "^1.0.0",
            "@stablelib/x25519": "^1.0.0",
            "@stablelib/xchacha20poly1305": "^1.0.0",
            "canonicalize": "^1.0.5",
            "did-resolver": "^3.1.0",
            "elliptic": "^6.5.4",
            "js-sha3": "^0.8.0",
            "uint8arrays": "^2.1.3"
         },
         "dependencies": {
            "did-resolver": {
               "version": "3.1.0",
               "resolved": "https://registry.npmjs.org/did-resolver/-/did-resolver-3.1.0.tgz",
               "integrity": "sha512-uf3/4LfHoDn3Ek8bFegO72OemHMytBhAkud6CA1HlB5I0iVwrCpG4oh+DA6DXUuBdhrA0cY4cGz1D0VNDTlgnw=="
            },
            "elliptic": {
               "version": "6.5.4",
               "resolved": "https://registry.npmjs.org/elliptic/-/elliptic-6.5.4.tgz",
               "integrity": "sha512-iLhC6ULemrljPZb+QutR5TQGB+pdW6KGD5RSegS+8sorOZT+rdQFbsQFJgvN3eRqNALqJer4oQ16YvJHlU8hzQ==",
               "requires": {
                  "bn.js": "^4.11.9",
                  "brorand": "^1.1.0",
                  "hash.js": "^1.0.0",
                  "hmac-drbg": "^1.0.1",
                  "inherits": "^2.0.4",
                  "minimalistic-assert": "^1.0.1",
                  "minimalistic-crypto-utils": "^1.0.1"
               }
            },
            "hash.js": {
               "version": "1.1.7",
               "resolved": "https://registry.npmjs.org/hash.js/-/hash.js-1.1.7.tgz",
               "integrity": "sha512-taOaskGt4z4SOANNseOviYDvjEJinIkRgmp7LbKP2YTTmVxWBl87s/uzK9r+44BclBSp2X7K1hqeNfz9JbBeXA==",
               "requires": {
                  "inherits": "^2.0.3",
                  "minimalistic-assert": "^1.0.1"
               }
            },
            "multibase": {
               "version": "4.0.4",
               "resolved": "https://registry.npmjs.org/multibase/-/multibase-4.0.4.tgz",
               "integrity": "sha512-8/JmrdSGzlw6KTgAJCOqUBSGd1V6186i/X8dDCGy/lbCKrQ+1QB6f3HE+wPr7Tpdj4U3gutaj9jG2rNX6UpiJg==",
               "requires": {
                  "@multiformats/base-x": "^4.0.1"
               }
            },
            "uint8arrays": {
               "version": "2.1.5",
               "resolved": "https://registry.npmjs.org/uint8arrays/-/uint8arrays-2.1.5.tgz",
               "integrity": "sha512-CSR7AO+4AHUeSOnZ/NBNCElDeWfRh9bXtOck27083kc7SznmmHIhNEkEOCQOn0wvrIMjS3IH0TNLR16vuc46mA==",
               "requires": {
                  "multibase": "^4.0.1"
               }
            }
         }
      },
      "did-jwt-rsa": {
         "version": "0.1.2",
         "resolved": "https://registry.npmjs.org/did-jwt-rsa/-/did-jwt-rsa-0.1.2.tgz",
         "integrity": "sha512-wuHYKLcIVqQNcytOO0DVZ4VrvMY9N6cZNZptNmrRl7SyKGZtTlNvh/UprApVSEihc7vZOvCyo00CYH2ld1+MJg==",
         "requires": {
            "@stablelib/ed25519": "^1.0.1",
            "@stablelib/random": "^1.0.0",
            "@stablelib/sha256": "^1.0.0",
            "@stablelib/x25519": "^1.0.0",
            "@stablelib/xchacha20poly1305": "^1.0.0",
            "did-resolver": "^3.1.0",
            "elliptic": "^6.5.4",
            "js-sha3": "^0.8.0",
            "node-rsa": "^1.1.1",
            "uint8arrays": "^2.1.5"
         },
         "dependencies": {
            "did-resolver": {
               "version": "3.1.0",
               "resolved": "https://registry.npmjs.org/did-resolver/-/did-resolver-3.1.0.tgz",
               "integrity": "sha512-uf3/4LfHoDn3Ek8bFegO72OemHMytBhAkud6CA1HlB5I0iVwrCpG4oh+DA6DXUuBdhrA0cY4cGz1D0VNDTlgnw=="
            },
            "elliptic": {
               "version": "6.5.4",
               "resolved": "https://registry.npmjs.org/elliptic/-/elliptic-6.5.4.tgz",
               "integrity": "sha512-iLhC6ULemrljPZb+QutR5TQGB+pdW6KGD5RSegS+8sorOZT+rdQFbsQFJgvN3eRqNALqJer4oQ16YvJHlU8hzQ==",
               "requires": {
                  "bn.js": "^4.11.9",
                  "brorand": "^1.1.0",
                  "hash.js": "^1.0.0",
                  "hmac-drbg": "^1.0.1",
                  "inherits": "^2.0.4",
                  "minimalistic-assert": "^1.0.1",
                  "minimalistic-crypto-utils": "^1.0.1"
               }
            },
            "hash.js": {
               "version": "1.1.7",
               "resolved": "https://registry.npmjs.org/hash.js/-/hash.js-1.1.7.tgz",
               "integrity": "sha512-taOaskGt4z4SOANNseOviYDvjEJinIkRgmp7LbKP2YTTmVxWBl87s/uzK9r+44BclBSp2X7K1hqeNfz9JbBeXA==",
               "requires": {
                  "inherits": "^2.0.3",
                  "minimalistic-assert": "^1.0.1"
               }
            },
            "multibase": {
               "version": "4.0.4",
               "resolved": "https://registry.npmjs.org/multibase/-/multibase-4.0.4.tgz",
               "integrity": "sha512-8/JmrdSGzlw6KTgAJCOqUBSGd1V6186i/X8dDCGy/lbCKrQ+1QB6f3HE+wPr7Tpdj4U3gutaj9jG2rNX6UpiJg==",
               "requires": {
                  "@multiformats/base-x": "^4.0.1"
               }
            },
            "node-rsa": {
               "version": "1.1.1",
               "resolved": "https://registry.npmjs.org/node-rsa/-/node-rsa-1.1.1.tgz",
               "integrity": "sha512-Jd4cvbJMryN21r5HgxQOpMEqv+ooke/korixNNK3mGqfGJmy0M77WDDzo/05969+OkMy3XW1UuZsSmW9KQm7Fw==",
               "requires": {
                  "asn1": "^0.2.4"
               }
            },
            "uint8arrays": {
               "version": "2.1.5",
               "resolved": "https://registry.npmjs.org/uint8arrays/-/uint8arrays-2.1.5.tgz",
               "integrity": "sha512-CSR7AO+4AHUeSOnZ/NBNCElDeWfRh9bXtOck27083kc7SznmmHIhNEkEOCQOn0wvrIMjS3IH0TNLR16vuc46mA==",
               "requires": {
                  "multibase": "^4.0.1"
               }
            }
         }
      },
      "hmac-drbg": {
         "version": "1.0.1",
         "resolved": "https://registry.npmjs.org/hmac-drbg/-/hmac-drbg-1.0.1.tgz",
         "integrity": "sha1-0nRXAQJabHdabFRXk+1QL8DGSaE=",
         "requires": {
            "hash.js": "^1.0.3",
            "minimalistic-assert": "^1.0.0",
            "minimalistic-crypto-utils": "^1.0.1"
         },
         "dependencies": {
            "hash.js": {
               "version": "1.1.7",
               "resolved": "https://registry.npmjs.org/hash.js/-/hash.js-1.1.7.tgz",
               "integrity": "sha512-taOaskGt4z4SOANNseOviYDvjEJinIkRgmp7LbKP2YTTmVxWBl87s/uzK9r+44BclBSp2X7K1hqeNfz9JbBeXA==",
               "requires": {
                  "inherits": "^2.0.3",
                  "minimalistic-assert": "^1.0.1"
               }
            }
         }
      },
      "inherits": {
         "version": "2.0.4",
         "resolved": "https://registry.npmjs.org/inherits/-/inherits-2.0.4.tgz",
         "integrity": "sha512-k/vGaX4/Yla3WzyMCvTQOXYeIHvqOKtnqBduzTHpzpQZzAskKMhZ2K+EnBiSM9zGSoIFeMpXKxa4dYeZIQqewQ=="
      },
      "js-sha3": {
         "version": "0.8.0",
         "resolved": "https://registry.npmjs.org/js-sha3/-/js-sha3-0.8.0.tgz",
         "integrity": "sha512-gF1cRrHhIzNfToc802P800N8PpXS+evLLXfsVpowqmAFR9uwbi89WvXg2QspOmXL8QL86J4T1EpFu+yUkwJY3Q=="
      },
      "minimalistic-assert": {
         "version": "1.0.1",
         "resolved": "https://registry.npmjs.org/minimalistic-assert/-/minimalistic-assert-1.0.1.tgz",
         "integrity": "sha512-UtJcAD4yEaGtjPezWuO9wC4nwUnVH/8/Im3yEHQP4b67cXlD/Qr9hdITCU1xDbSEXg2XKNaP8jsReV7vQd00/A=="
      },
      "minimalistic-crypto-utils": {
         "version": "1.0.1",
         "resolved": "https://registry.npmjs.org/minimalistic-crypto-utils/-/minimalistic-crypto-utils-1.0.1.tgz",
         "integrity": "sha1-9sAMHAsIIkblxNmd+4x8CDsrWCo="
      },
      "safer-buffer": {
         "version": "2.1.2",
         "resolved": "https://registry.npmjs.org/safer-buffer/-/safer-buffer-2.1.2.tgz",
         "integrity": "sha512-YZo3K82SD7Riyi0E1EQPojLz7kpepnSQI9IyPbHHg1XXXevb5dJI7tpyN2ADxGcQbHG7vcyRHk0cbwqcQriUtg=="
      }
   }
}
